
Microsoft Visual Studio Solution File, Format Version 12.00
# Visual Studio Version 16
VisualStudioVersion = 16.0.30330.147
MinimumVisualStudioVersion = 10.0.40219.1
Project("{9A19103F-16F7-4668-BE54-9A1E7A4F7556}") = "GroupProject", "GroupProject.csproj", "{420B510E-DEA5-4F50-95A7-5A7666619984}"
EndProject
Global
	GlobalSection(SolutionConfigurationPlatforms) = preSolution
		Debug|Any CPU = Debug|Any CPU
		Release|Any CPU = Release|Any CPU
	EndGlobalSection
	GlobalSection(ProjectConfigurationPlatforms) = postSolution
		{420B510E-DEA5-4F50-95A7-5A7666619984}.Debug|Any CPU.ActiveCfg = Debug|Any CPU
		{420B510E-DEA5-4F50-95A7-5A7666619984}.Debug|Any CPU.Build.0 = Debug|Any CPU
		{420B510E-DEA5-4F50-95A7-5A7666619984}.Release|Any CPU.ActiveCfg = Release|Any CPU
		{420B510E-DEA5-4F50-95A7-5A7666619984}.Release|Any CPU.Build.0 = Release|Any CPU
	EndGlobalSection
	GlobalSection(SolutionProperties) = preSolution
		HideSolutionNode = FALSE
	EndGlobalSection
	GlobalSection(ExtensibilityGlobals) = postSolution
		SolutionGuid = {997AD5AC-CBCE-4ECD-AC3F-E284108FAE5C}
	EndGlobalSection
EndGlobal
